
Microsoft Visual Studio Solution File, Format Version 12.00
# Visual Studio Version 17
VisualStudioVersion = 17.7.34202.233
MinimumVisualStudioVersion = 10.0.40219.1
Project("{FAE04EC0-301F-11D3-BF4B-00C04F79EFBC}") = "Server", "Server\Server.csproj", "{AE1AD135-6562-403F-9B09-B57420CDC844}"
EndProject
Project("{FAE04EC0-301F-11D3-BF4B-00C04F79EFBC}") = "Client", "Client\Client.csproj", "{F2036DD8-83B2-4ADB-97E6-F29E2B937A3A}"
EndProject
Global
	GlobalSection(SolutionConfigurationPlatforms) = preSolution
		Debug|Any CPU = Debug|Any CPU
		Release|Any CPU = Release|Any CPU
	EndGlobalSection
	GlobalSection(ProjectConfigurationPlatforms) = postSolution
		{AE1AD135-6562-403F-9B09-B57420CDC844}.Debug|Any CPU.ActiveCfg = Debug|Any CPU
		{AE1AD135-6562-403F-9B09-B57420CDC844}.Debug|Any CPU.Build.0 = Debug|Any CPU
		{AE1AD135-6562-403F-9B09-B57420CDC844}.Release|Any CPU.ActiveCfg = Release|Any CPU
		{AE1AD135-6562-403F-9B09-B57420CDC844}.Release|Any CPU.Build.0 = Release|Any CPU
		{F2036DD8-83B2-4ADB-97E6-F29E2B937A3A}.Debug|Any CPU.ActiveCfg = Debug|Any CPU
		{F2036DD8-83B2-4ADB-97E6-F29E2B937A3A}.Debug|Any CPU.Build.0 = Debug|Any CPU
		{F2036DD8-83B2-4ADB-97E6-F29E2B937A3A}.Release|Any CPU.ActiveCfg = Release|Any CPU
		{F2036DD8-83B2-4ADB-97E6-F29E2B937A3A}.Release|Any CPU.Build.0 = Release|Any CPU
	EndGlobalSection
	GlobalSection(SolutionProperties) = preSolution
		HideSolutionNode = FALSE
	EndGlobalSection
	GlobalSection(ExtensibilityGlobals) = postSolution
		SolutionGuid = {88C3BE05-CF99-4B3F-B93B-3636EDFAD16E}
	EndGlobalSection
EndGlobal
