
Microsoft Visual Studio Solution File, Format Version 12.00
# Visual Studio Version 17
VisualStudioVersion = 17.7.34202.233
MinimumVisualStudioVersion = 10.0.40219.1
Project("{9A19103F-16F7-4668-BE54-9A1E7A4F7556}") = "ChatApp", "ChatApp\ChatApp.csproj", "{3BCD9740-A6CE-4AC6-A171-0599F17DB8DE}"
EndProject
Project("{9A19103F-16F7-4668-BE54-9A1E7A4F7556}") = "ChatCommon", "ChatCommon\ChatCommon.csproj", "{8145375B-F5A8-4544-92E0-A0F478DF633D}"
EndProject
Project("{9A19103F-16F7-4668-BE54-9A1E7A4F7556}") = "StartChat", "StartChat\StartChat.csproj", "{2B751772-23DF-4794-933D-374B55C29FEB}"
EndProject
Project("{FAE04EC0-301F-11D3-BF4B-00C04F79EFBC}") = "ChatDB", "ChatDB\ChatDB.csproj", "{C792C7A8-E0A2-4578-BA3F-19A48B871944}"
EndProject
Project("{FAE04EC0-301F-11D3-BF4B-00C04F79EFBC}") = "MessageSourceNetMQ", "MessageSourceNetMQ\MessageSourceNetMQ.csproj", "{494EC95A-688C-4105-95C2-5E2063B9B892}"
EndProject
Global
	GlobalSection(SolutionConfigurationPlatforms) = preSolution
		Debug|Any CPU = Debug|Any CPU
		Release|Any CPU = Release|Any CPU
	EndGlobalSection
	GlobalSection(ProjectConfigurationPlatforms) = postSolution
		{3BCD9740-A6CE-4AC6-A171-0599F17DB8DE}.Debug|Any CPU.ActiveCfg = Debug|Any CPU
		{3BCD9740-A6CE-4AC6-A171-0599F17DB8DE}.Debug|Any CPU.Build.0 = Debug|Any CPU
		{3BCD9740-A6CE-4AC6-A171-0599F17DB8DE}.Release|Any CPU.ActiveCfg = Release|Any CPU
		{3BCD9740-A6CE-4AC6-A171-0599F17DB8DE}.Release|Any CPU.Build.0 = Release|Any CPU
		{8145375B-F5A8-4544-92E0-A0F478DF633D}.Debug|Any CPU.ActiveCfg = Debug|Any CPU
		{8145375B-F5A8-4544-92E0-A0F478DF633D}.Debug|Any CPU.Build.0 = Debug|Any CPU
		{8145375B-F5A8-4544-92E0-A0F478DF633D}.Release|Any CPU.ActiveCfg = Release|Any CPU
		{8145375B-F5A8-4544-92E0-A0F478DF633D}.Release|Any CPU.Build.0 = Release|Any CPU
		{2B751772-23DF-4794-933D-374B55C29FEB}.Debug|Any CPU.ActiveCfg = Debug|Any CPU
		{2B751772-23DF-4794-933D-374B55C29FEB}.Debug|Any CPU.Build.0 = Debug|Any CPU
		{2B751772-23DF-4794-933D-374B55C29FEB}.Release|Any CPU.ActiveCfg = Release|Any CPU
		{2B751772-23DF-4794-933D-374B55C29FEB}.Release|Any CPU.Build.0 = Release|Any CPU
		{C792C7A8-E0A2-4578-BA3F-19A48B871944}.Debug|Any CPU.ActiveCfg = Debug|Any CPU
		{C792C7A8-E0A2-4578-BA3F-19A48B871944}.Debug|Any CPU.Build.0 = Debug|Any CPU
		{C792C7A8-E0A2-4578-BA3F-19A48B871944}.Release|Any CPU.ActiveCfg = Release|Any CPU
		{C792C7A8-E0A2-4578-BA3F-19A48B871944}.Release|Any CPU.Build.0 = Release|Any CPU
		{494EC95A-688C-4105-95C2-5E2063B9B892}.Debug|Any CPU.ActiveCfg = Debug|Any CPU
		{494EC95A-688C-4105-95C2-5E2063B9B892}.Debug|Any CPU.Build.0 = Debug|Any CPU
		{494EC95A-688C-4105-95C2-5E2063B9B892}.Release|Any CPU.ActiveCfg = Release|Any CPU
		{494EC95A-688C-4105-95C2-5E2063B9B892}.Release|Any CPU.Build.0 = Release|Any CPU
	EndGlobalSection
	GlobalSection(SolutionProperties) = preSolution
		HideSolutionNode = FALSE
	EndGlobalSection
	GlobalSection(ExtensibilityGlobals) = postSolution
		SolutionGuid = {88C3BE05-CF99-4B3F-B93B-3636EDFAD16E}
	EndGlobalSection
EndGlobal
